
Microsoft Visual Studio Solution File, Format Version 12.00
# Visual Studio Version 17
VisualStudioVersion = 17.1.32228.430
MinimumVisualStudioVersion = 10.0.40219.1
Project("{9A19103F-16F7-4668-BE54-9A1E7A4F7556}") = "SmartConnector", "SmartConnector\SmartConnector.csproj", "{783D9748-C61E-4ACA-A69B-564FCC0F0478}"
EndProject
Global
	GlobalSection(SolutionConfigurationPlatforms) = preSolution
		Debug|Any CPU = Debug|Any CPU
		Release|Any CPU = Release|Any CPU
	EndGlobalSection
	GlobalSection(ProjectConfigurationPlatforms) = postSolution
		{783D9748-C61E-4ACA-A69B-564FCC0F0478}.Debug|Any CPU.ActiveCfg = Debug|Any CPU
		{783D9748-C61E-4ACA-A69B-564FCC0F0478}.Debug|Any CPU.Build.0 = Debug|Any CPU
		{783D9748-C61E-4ACA-A69B-564FCC0F0478}.Release|Any CPU.ActiveCfg = Release|Any CPU
		{783D9748-C61E-4ACA-A69B-564FCC0F0478}.Release|Any CPU.Build.0 = Release|Any CPU
	EndGlobalSection
	GlobalSection(SolutionProperties) = preSolution
		HideSolutionNode = FALSE
	EndGlobalSection
	GlobalSection(ExtensibilityGlobals) = postSolution
		SolutionGuid = {69E9C9FA-D7D6-4D89-9CAE-FFB6FECA519B}
	EndGlobalSection
EndGlobal
